
Microsoft Visual Studio Solution File, Format Version 12.00
# Visual Studio 2013
VisualStudioVersion = 12.0.30501.0
MinimumVisualStudioVersion = 10.0.40219.1
Project("{FAE04EC0-301F-11D3-BF4B-00C04F79EFBC}") = "WeBowler", "WeBowler.csproj", "{55CB1C17-0E0A-42A5-9AEB-5D3121F84FBD}"
EndProject
Project("{FAE04EC0-301F-11D3-BF4B-00C04F79EFBC}") = "WeBowler.Tests", "..\WeBowler.Tests\WeBowler.Tests.csproj", "{7D53BD79-A18F-456E-B637-8A1A6608A580}"
EndProject
Global
	GlobalSection(SolutionConfigurationPlatforms) = preSolution
		Debug|Any CPU = Debug|Any CPU
		Release|Any CPU = Release|Any CPU
	EndGlobalSection
	GlobalSection(ProjectConfigurationPlatforms) = postSolution
		{55CB1C17-0E0A-42A5-9AEB-5D3121F84FBD}.Debug|Any CPU.ActiveCfg = Debug|Any CPU
		{55CB1C17-0E0A-42A5-9AEB-5D3121F84FBD}.Debug|Any CPU.Build.0 = Debug|Any CPU
		{55CB1C17-0E0A-42A5-9AEB-5D3121F84FBD}.Release|Any CPU.ActiveCfg = Release|Any CPU
		{55CB1C17-0E0A-42A5-9AEB-5D3121F84FBD}.Release|Any CPU.Build.0 = Release|Any CPU
		{7D53BD79-A18F-456E-B637-8A1A6608A580}.Debug|Any CPU.ActiveCfg = Debug|Any CPU
		{7D53BD79-A18F-456E-B637-8A1A6608A580}.Debug|Any CPU.Build.0 = Debug|Any CPU
		{7D53BD79-A18F-456E-B637-8A1A6608A580}.Release|Any CPU.ActiveCfg = Release|Any CPU
		{7D53BD79-A18F-456E-B637-8A1A6608A580}.Release|Any CPU.Build.0 = Release|Any CPU
	EndGlobalSection
	GlobalSection(SolutionProperties) = preSolution
		HideSolutionNode = FALSE
	EndGlobalSection
EndGlobal
